
Microsoft Visual Studio Solution File, Format Version 12.00
# Visual Studio Version 16
VisualStudioVersion = 16.0.30114.105
MinimumVisualStudioVersion = 10.0.40219.1
Project("{9A19103F-16F7-4668-BE54-9A1E7A4F7556}") = "FluentTextTable", "FluentTextTable\FluentTextTable.csproj", "{3506EAA2-399D-4B90-8306-9741C2FE8F2F}"
EndProject
Project("{9A19103F-16F7-4668-BE54-9A1E7A4F7556}") = "FluentTextTable.Test", "FluentTextTable.Test\FluentTextTable.Test.csproj", "{4D5FB3FA-2343-415F-B088-84C60FED824F}"
EndProject
Project("{FAE04EC0-301F-11D3-BF4B-00C04F79EFBC}") = "FluentTextTable.Sample", "FluentTextTable.Sample\FluentTextTable.Sample.csproj", "{3C108027-8A25-411C-A9E9-46E2655E9251}"
EndProject
Global
	GlobalSection(SolutionConfigurationPlatforms) = preSolution
		Debug|Any CPU = Debug|Any CPU
		Release|Any CPU = Release|Any CPU
	EndGlobalSection
	GlobalSection(ProjectConfigurationPlatforms) = postSolution
		{3506EAA2-399D-4B90-8306-9741C2FE8F2F}.Debug|Any CPU.ActiveCfg = Debug|Any CPU
		{3506EAA2-399D-4B90-8306-9741C2FE8F2F}.Debug|Any CPU.Build.0 = Debug|Any CPU
		{3506EAA2-399D-4B90-8306-9741C2FE8F2F}.Release|Any CPU.ActiveCfg = Release|Any CPU
		{3506EAA2-399D-4B90-8306-9741C2FE8F2F}.Release|Any CPU.Build.0 = Release|Any CPU
		{4D5FB3FA-2343-415F-B088-84C60FED824F}.Debug|Any CPU.ActiveCfg = Debug|Any CPU
		{4D5FB3FA-2343-415F-B088-84C60FED824F}.Debug|Any CPU.Build.0 = Debug|Any CPU
		{4D5FB3FA-2343-415F-B088-84C60FED824F}.Release|Any CPU.ActiveCfg = Release|Any CPU
		{4D5FB3FA-2343-415F-B088-84C60FED824F}.Release|Any CPU.Build.0 = Release|Any CPU
		{3C108027-8A25-411C-A9E9-46E2655E9251}.Debug|Any CPU.ActiveCfg = Debug|Any CPU
		{3C108027-8A25-411C-A9E9-46E2655E9251}.Debug|Any CPU.Build.0 = Debug|Any CPU
		{3C108027-8A25-411C-A9E9-46E2655E9251}.Release|Any CPU.ActiveCfg = Release|Any CPU
		{3C108027-8A25-411C-A9E9-46E2655E9251}.Release|Any CPU.Build.0 = Release|Any CPU
	EndGlobalSection
	GlobalSection(SolutionProperties) = preSolution
		HideSolutionNode = FALSE
	EndGlobalSection
	GlobalSection(ExtensibilityGlobals) = postSolution
		SolutionGuid = {2621A242-2E06-4472-9BBE-742D99B5385F}
	EndGlobalSection
EndGlobal
